
Microsoft Visual Studio Solution File, Format Version 12.00
# Visual Studio 2012
Project("{8BC9CEB8-8B4A-11D0-8D11-00A0C91BC942}") = "SheetAutomation", "SheetAutomation\SheetAutomation.vcxproj", "{C9F3068D-3EB8-46A8-899F-444BD076224F}"
EndProject
Global
	GlobalSection(SolutionConfigurationPlatforms) = preSolution
		Debug|Win32 = Debug|Win32
		Release|Win32 = Release|Win32
	EndGlobalSection
	GlobalSection(ProjectConfigurationPlatforms) = postSolution
		{C9F3068D-3EB8-46A8-899F-444BD076224F}.Debug|Win32.ActiveCfg = Debug|Win32
		{C9F3068D-3EB8-46A8-899F-444BD076224F}.Debug|Win32.Build.0 = Debug|Win32
		{C9F3068D-3EB8-46A8-899F-444BD076224F}.Release|Win32.ActiveCfg = Release|Win32
		{C9F3068D-3EB8-46A8-899F-444BD076224F}.Release|Win32.Build.0 = Release|Win32
	EndGlobalSection
	GlobalSection(SolutionProperties) = preSolution
		HideSolutionNode = FALSE
	EndGlobalSection
EndGlobal
